// !$*UTF8*$!
{
	archiveVersion = 1;
	classes = {
	};
	objectVersion = 50;
	objects = {

/* Begin PBXBuildFile section */
		A515A27421BE618C004FF9DA /* AppDelegate.m in Sources */ = {isa = PBXBuildFile; fileRef = A515A27321BE618C004FF9DA /* AppDelegate.m */; };
		A515A27721BE618C004FF9DA /* ViewController.m in Sources */ = {isa = PBXBuildFile; fileRef = A515A27621BE618C004FF9DA /* ViewController.m */; };
		A515A27A21BE618C004FF9DA /* Main.storyboard in Resources */ = {isa = PBXBuildFile; fileRef = A515A27821BE618C004FF9DA /* Main.storyboard */; };
		A515A27C21BE618E004FF9DA /* Assets.xcassets in Resources */ = {isa = PBXBuildFile; fileRef = A515A27B21BE618E004FF9DA /* Assets.xcassets */; };
		A515A27F21BE618E004FF9DA /* LaunchScreen.storyboard in Resources */ = {isa = PBXBuildFile; fileRef = A515A27D21BE618E004FF9DA /* LaunchScreen.storyboard */; };
		A515A28221BE618E004FF9DA /* main.m in Sources */ = {isa = PBXBuildFile; fileRef = A515A28121BE618E004FF9DA /* main.m */; };
		A515A28C21BE618E004FF9DA /* testGitTests.m in Sources */ = {isa = PBXBuildFile; fileRef = A515A28B21BE618E004FF9DA /* testGitTests.m */; };
		A515A29721BE618E004FF9DA /* testGitUITests.m in Sources */ = {isa = PBXBuildFile; fileRef = A515A29621BE618E004FF9DA /* testGitUITests.m */; };
/* End PBXBuildFile section */

/* Begin PBXContainerItemProxy section */
		A515A28821BE618E004FF9DA /* PBXContainerItemProxy */ = {
			isa = PBXContainerItemProxy;
			containerPortal = A515A26721BE618C004FF9DA /* Project object */;
			proxyType = 1;
			remoteGlobalIDString = A515A26E21BE618C004FF9DA;
			remoteInfo = testGit;
		};
		A515A29321BE618E004FF9DA /* PBXContainerItemProxy */ = {
			isa = PBXContainerItemProxy;
			containerPortal = A515A26721BE618C004FF9DA /* Project object */;
			proxyType = 1;
			remoteGlobalIDString = A515A26E21BE618C004FF9DA;
			remoteInfo = testGit;
		};
/* End PBXContainerItemProxy section */

/* Begin PBXFileReference section */
		A515A26F21BE618C004FF9DA /* testGit.app */ = {isa = PBXFileReference; explicitFileType = wrapper.application; includeInIndex = 0; path = testGit.app; sourceTree = BUILT_PRODUCTS_DIR; };
		A515A27221BE618C004FF9DA /* AppDelegate.h */ = {isa = PBXFileReference; lastKnownFileType = sourcecode.c.h; path = AppDelegate.h; sourceTree = "<group>"; };
		A515A27321BE618C004FF9DA /* AppDelegate.m */ = {isa = PBXFileReference; lastKnownFileType = sourcecode.c.objc; path = AppDelegate.m; sourceTree = "<group>"; };
		A515A27521BE618C004FF9DA /* ViewController.h */ = {isa = PBXFileReference; lastKnownFileType = sourcecode.c.h; path = ViewController.h; sourceTree = "<group>"; };
		A515A27621BE618C004FF9DA /* ViewController.m */ = {isa = PBXFileReference; lastKnownFileType = sourcecode.c.objc; path = ViewController.m; sourceTree = "<group>"; };
		A515A27921BE618C004FF9DA /* Base */ = {isa = PBXFileReference; lastKnownFileType = file.storyboard; name = Base; path = Base.lproj/Main.storyboard; sourceTree = "<group>"; };
		A515A27B21BE618E004FF9DA /* Assets.xcassets */ = {isa = PBXFileReference; lastKnownFileType = folder.assetcatalog; path = Assets.xcassets; sourceTree = "<group>"; };
		A515A27E21BE618E004FF9DA /* Base */ = {isa = PBXFileReference; lastKnownFileType = file.storyboard; name = Base; path = Base.lproj/LaunchScreen.storyboard; sourceTree = "<group>"; };
		A515A28021BE618E004FF9DA /* Info.plist */ = {isa = PBXFileReference; lastKnownFileType = text.plist.xml; path = Info.plist; sourceTree = "<group>"; };
		A515A28121BE618E004FF9DA /* main.m */ = {isa = PBXFileReference; lastKnownFileType = sourcecode.c.objc; path = main.m; sourceTree = "<group>"; };
		A515A28721BE618E004FF9DA /* testGitTests.xctest */ = {isa = PBXFileReference; explicitFileType = wrapper.cfbundle; includeInIndex = 0; path = testGitTests.xctest; sourceTree = BUILT_PRODUCTS_DIR; };
		A515A28B21BE618E004FF9DA /* testGitTests.m */ = {isa = PBXFileReference; lastKnownFileType = sourcecode.c.objc; path = testGitTests.m; sourceTree = "<group>"; };
		A515A28D21BE618E004FF9DA /* Info.plist */ = {isa = PBXFileReference; lastKnownFileType = text.plist.xml; path = Info.plist; sourceTree = "<group>"; };
		A515A29221BE618E004FF9DA /* testGitUITests.xctest */ = {isa = PBXFileReference; explicitFileType = wrapper.cfbundle; includeInIndex = 0; path = testGitUITests.xctest; sourceTree = BUILT_PRODUCTS_DIR; };
		A515A29621BE618E004FF9DA /* testGitUITests.m */ = {isa = PBXFileReference; lastKnownFileType = sourcecode.c.objc; path = testGitUITests.m; sourceTree = "<group>"; };
		A515A29821BE618E004FF9DA /* Info.plist */ = {isa = PBXFileReference; lastKnownFileType = text.plist.xml; path = Info.plist; sourceTree = "<group>"; };
/* End PBXFileReference section */

/* Begin PBXFrameworksBuildPhase section */
		A515A26C21BE618C004FF9DA /* Frameworks */ = {
			isa = PBXFrameworksBuildPhase;
			buildActionMask = 2147483647;
			files = (
			);
			runOnlyForDeploymentPostprocessing = 0;
		};
		A515A28421BE618E004FF9DA /* Frameworks */ = {
			isa = PBXFrameworksBuildPhase;
			buildActionMask = 2147483647;
			files = (
			);
			runOnlyForDeploymentPostprocessing = 0;
		};
		A515A28F21BE618E004FF9DA /* Frameworks */ = {
			isa = PBXFrameworksBuildPhase;
			buildActionMask = 2147483647;
			files = (
			);
			runOnlyForDeploymentPostprocessing = 0;
		};
/* End PBXFrameworksBuildPhase section */

/* Begin PBXGroup section */
		A515A26621BE618C004FF9DA = {
			isa = PBXGroup;
			children = (
				A515A27121BE618C004FF9DA /* testGit */,
				A515A28A21BE618E004FF9DA /* testGitTests */,
				A515A29521BE618E004FF9DA /* testGitUITests */,
				A515A27021BE618C004FF9DA /* Products */,
			);
			sourceTree = "<group>";
		};
		A515A27021BE618C004FF9DA /* Products */ = {
			isa = PBXGroup;
			children = (
				A515A26F21BE618C004FF9DA /* testGit.app */,
				A515A28721BE618E004FF9DA /* testGitTests.xctest */,
				A515A29221BE618E004FF9DA /* testGitUITests.xctest */,
			);
			name = Products;
			sourceTree = "<group>";
		};
		A515A27121BE618C004FF9DA /* testGit */ = {
			isa = PBXGroup;
			children = (
				A515A27221BE618C004FF9DA /* AppDelegate.h */,
				A515A27321BE618C004FF9DA /* AppDelegate.m */,
				A515A27521BE618C004FF9DA /* ViewController.h */,
				A515A27621BE618C004FF9DA /* ViewController.m */,
				A515A27821BE618C004FF9DA /* Main.storyboard */,
				A515A27B21BE618E004FF9DA /* Assets.xcassets */,
				A515A27D21BE618E004FF9DA /* LaunchScreen.storyboard */,
				A515A28021BE618E004FF9DA /* Info.plist */,
				A515A28121BE618E004FF9DA /* main.m */,
			);
			path = testGit;
			sourceTree = "<group>";
		};
		A515A28A21BE618E004FF9DA /* testGitTests */ = {
			isa = PBXGroup;
			children = (
				A515A28B21BE618E004FF9DA /* testGitTests.m */,
				A515A28D21BE618E004FF9DA /* Info.plist */,
			);
			path = testGitTests;
			sourceTree = "<group>";
		};
		A515A29521BE618E004FF9DA /* testGitUITests */ = {
			isa = PBXGroup;
			children = (
				A515A29621BE618E004FF9DA /* testGitUITests.m */,
				A515A29821BE618E004FF9DA /* Info.plist */,
			);
			path = testGitUITests;
			sourceTree = "<group>";
		};
/* End PBXGroup section */

/* Begin PBXNativeTarget section */
		A515A26E21BE618C004FF9DA /* testGit */ = {
			isa = PBXNativeTarget;
			buildConfigurationList = A515A29B21BE618E004FF9DA /* Build configuration list for PBXNativeTarget "testGit" */;
			buildPhases = (
				A515A26B21BE618C004FF9DA /* Sources */,
				A515A26C21BE618C004FF9DA /* Frameworks */,
				A515A26D21BE618C004FF9DA /* Resources */,
			);
			buildRules = (
			);
			dependencies = (
			);
			name = testGit;
			productName = testGit;
			productReference = A515A26F21BE618C004FF9DA /* testGit.app */;
			productType = "com.apple.product-type.application";
		};
		A515A28621BE618E004FF9DA /* testGitTests */ = {
			isa = PBXNativeTarget;
			buildConfigurationList = A515A29E21BE618E004FF9DA /* Build configuration list for PBXNativeTarget "testGitTests" */;
			buildPhases = (
				A515A28321BE618E004FF9DA /* Sources */,
				A515A28421BE618E004FF9DA /* Frameworks */,
				A515A28521BE618E004FF9DA /* Resources */,
			);
			buildRules = (
			);
			dependencies = (
				A515A28921BE618E004FF9DA /* PBXTargetDependency */,
			);
			name = testGitTests;
			productName = testGitTests;
			productReference = A515A28721BE618E004FF9DA /* testGitTests.xctest */;
			productType = "com.apple.product-type.bundle.unit-test";
		};
		A515A29121BE618E004FF9DA /* testGitUITests */ = {
			isa = PBXNativeTarget;
			buildConfigurationList = A515A2A121BE618E004FF9DA /* Build configuration list for PBXNativeTarget "testGitUITests" */;
			buildPhases = (
				A515A28E21BE618E004FF9DA /* Sources */,
				A515A28F21BE618E004FF9DA /* Frameworks */,
				A515A29021BE618E004FF9DA /* Resources */,
			);
			buildRules = (
			);
			dependencies = (
				A515A29421BE618E004FF9DA /* PBXTargetDependency */,
			);
			name = testGitUITests;
			productName = testGitUITests;
			productReference = A515A29221BE618E004FF9DA /* testGitUITests.xctest */;
			productType = "com.apple.product-type.bundle.ui-testing";
		};
/* End PBXNativeTarget section */

/* Begin PBXProject section */
		A515A26721BE618C004FF9DA /* Project object */ = {
			isa = PBXProject;
			attributes = {
				LastUpgradeCheck = 1010;
				ORGANIZATIONNAME = "慧";
				TargetAttributes = {
					A515A26E21BE618C004FF9DA = {
						CreatedOnToolsVersion = 10.1;
					};
					A515A28621BE618E004FF9DA = {
						CreatedOnToolsVersion = 10.1;
						TestTargetID = A515A26E21BE618C004FF9DA;
					};
					A515A29121BE618E004FF9DA = {
						CreatedOnToolsVersion = 10.1;
						TestTargetID = A515A26E21BE618C004FF9DA;
					};
				};
			};
			buildConfigurationList = A515A26A21BE618C004FF9DA /* Build configuration list for PBXProject "testGit" */;
			compatibilityVersion = "Xcode 9.3";
			developmentRegion = en;
			hasScannedForEncodings = 0;
			knownRegions = (
				en,
				Base,
			);
			mainGroup = A515A26621BE618C004FF9DA;
			productRefGroup = A515A27021BE618C004FF9DA /* Products */;
			projectDirPath = "";
			projectRoot = "";
			targets = (
				A515A26E21BE618C004FF9DA /* testGit */,
				A515A28621BE618E004FF9DA /* testGitTests */,
				A515A29121BE618E004FF9DA /* testGitUITests */,
			);
		};
/* End PBXProject section */

/* Begin PBXResourcesBuildPhase section */
		A515A26D21BE618C004FF9DA /* Resources */ = {
			isa = PBXResourcesBuildPhase;
			buildActionMask = 2147483647;
			files = (
				A515A27F21BE618E004FF9DA /* LaunchScreen.storyboard in Resources */,
				A515A27C21BE618E004FF9DA /* Assets.xcassets in Resources */,
				A515A27A21BE618C004FF9DA /* Main.storyboard in Resources */,
			);
			runOnlyForDeploymentPostprocessing = 0;
		};
		A515A28521BE618E004FF9DA /* Resources */ = {
			isa = PBXResourcesBuildPhase;
			buildActionMask = 2147483647;
			files = (
			);
			runOnlyForDeploymentPostprocessing = 0;
		};
		A515A29021BE618E004FF9DA /* Resources */ = {
			isa = PBXResourcesBuildPhase;
			buildActionMask = 2147483647;
			files = (
			);
			runOnlyForDeploymentPostprocessing = 0;
		};
/* End PBXResourcesBuildPhase section */

/* Begin PBXSourcesBuildPhase section */
		A515A26B21BE618C004FF9DA /* Sources */ = {
			isa = PBXSourcesBuildPhase;
			buildActionMask = 2147483647;
			files = (
				A515A27721BE618C004FF9DA /* ViewController.m in Sources */,
				A515A28221BE618E004FF9DA /* main.m in Sources */,
				A515A27421BE618C004FF9DA /* AppDelegate.m in Sources */,
			);
			runOnlyForDeploymentPostprocessing = 0;
		};
		A515A28321BE618E004FF9DA /* Sources */ = {
			isa = PBXSourcesBuildPhase;
			buildActionMask = 2147483647;
			files = (
				A515A28C21BE618E004FF9DA /* testGitTests.m in Sources */,
			);
			runOnlyForDeploymentPostprocessing = 0;
		};
		A515A28E21BE618E004FF9DA /* Sources */ = {
			isa = PBXSourcesBuildPhase;
			buildActionMask = 2147483647;
			files = (
				A515A29721BE618E004FF9DA /* testGitUITests.m in Sources */,
			);
			runOnlyForDeploymentPostprocessing = 0;
		};
/* End PBXSourcesBuildPhase section */

/* Begin PBXTargetDependency section */
		A515A28921BE618E004FF9DA /* PBXTargetDependency */ = {
			isa = PBXTargetDependency;
			target = A515A26E21BE618C004FF9DA /* testGit */;
			targetProxy = A515A28821BE618E004FF9DA /* PBXContainerItemProxy */;
		};
		A515A29421BE618E004FF9DA /* PBXTargetDependency */ = {
			isa = PBXTargetDependency;
			target = A515A26E21BE618C004FF9DA /* testGit */;
			targetProxy = A515A29321BE618E004FF9DA /* PBXContainerItemProxy */;
		};
/* End PBXTargetDependency section */

/* Begin PBXVariantGroup section */
		A515A27821BE618C004FF9DA /* Main.storyboard */ = {
			isa = PBXVariantGroup;
			children = (
				A515A27921BE618C004FF9DA /* Base */,
			);
			name = Main.storyboard;
			sourceTree = "<group>";
		};
		A515A27D21BE618E004FF9DA /* LaunchScreen.storyboard */ = {
			isa = PBXVariantGroup;
			children = (
				A515A27E21BE618E004FF9DA /* Base */,
			);
			name = LaunchScreen.storyboard;
			sourceTree = "<group>";
		};
/* End PBXVariantGroup section */

/* Begin XCBuildConfiguration section */
		A515A29921BE618E004FF9DA /* Debug */ = {
			isa = XCBuildConfiguration;
			buildSettings = {
				ALWAYS_SEARCH_USER_PATHS = NO;
				CLANG_ANALYZER_NONNULL = YES;
				CLANG_ANALYZER_NUMBER_OBJECT_CONVERSION = YES_AGGRESSIVE;
				CLANG_CXX_LANGUAGE_STANDARD = "gnu++14";
				CLANG_CXX_LIBRARY = "libc++";
				CLANG_ENABLE_MODULES = YES;
				CLANG_ENABLE_OBJC_ARC = YES;
				CLANG_ENABLE_OBJC_WEAK = YES;
				CLANG_WARN_BLOCK_CAPTURE_AUTORELEASING = YES;
				CLANG_WARN_BOOL_CONVERSION = YES;
				CLANG_WARN_COMMA = YES;
				CLANG_WARN_CONSTANT_CONVERSION = YES;
				CLANG_WARN_DEPRECATED_OBJC_IMPLEMENTATIONS = YES;
				CLANG_WARN_DIRECT_OBJC_ISA_USAGE = YES_ERROR;
				CLANG_WARN_DOCUMENTATION_COMMENTS = YES;
				CLANG_WARN_EMPTY_BODY = YES;
				CLANG_WARN_ENUM_CONVERSION = YES;
				CLANG_WARN_INFINITE_RECURSION = YES;
				CLANG_WARN_INT_CONVERSION = YES;
				CLANG_WARN_NON_LITERAL_NULL_CONVERSION = YES;
				CLANG_WARN_OBJC_IMPLICIT_RETAIN_SELF = YES;
				CLANG_WARN_OBJC_LITERAL_CONVERSION = YES;
				CLANG_WARN_OBJC_ROOT_CLASS = YES_ERROR;
				CLANG_WARN_RANGE_LOOP_ANALYSIS = YES;
				CLANG_WARN_STRICT_PROTOTYPES = YES;
				CLANG_WARN_SUSPICIOUS_MOVE = YES;
				CLANG_WARN_UNGUARDED_AVAILABILITY = YES_AGGRESSIVE;
				CLANG_WARN_UNREACHABLE_CODE = YES;
				CLANG_WARN__DUPLICATE_METHOD_MATCH = YES;
				CODE_SIGN_IDENTITY = "iPhone Developer";
				COPY_PHASE_STRIP = NO;
				DEBUG_INFORMATION_FORMAT = dwarf;
				ENABLE_STRICT_OBJC_MSGSEND = YES;
				ENABLE_TESTABILITY = YES;
				GCC_C_LANGUAGE_STANDARD = gnu11;
				GCC_DYNAMIC_NO_PIC = NO;
				GCC_NO_COMMON_BLOCKS = YES;
				GCC_OPTIMIZATION_LEVEL = 0;
				GCC_PREPROCESSOR_DEFINITIONS = (
					"DEBUG=1",
					"$(inherited)",
				);
				GCC_WARN_64_TO_32_BIT_CONVERSION = YES;
				GCC_WARN_ABOUT_RETURN_TYPE = YES_ERROR;
				GCC_WARN_UNDECLARED_SELECTOR = YES;
				GCC_WARN_UNINITIALIZED_AUTOS = YES_AGGRESSIVE;
				GCC_WARN_UNUSED_FUNCTION = YES;
				GCC_WARN_UNUSED_VARIABLE = YES;
				IPHONEOS_DEPLOYMENT_TARGET = 12.1;
				MTL_ENABLE_DEBUG_INFO = INCLUDE_SOURCE;
				MTL_FAST_MATH = YES;
				ONLY_ACTIVE_ARCH = YES;
				SDKROOT = iphoneos;
			};
			name = Debug;
		};
		A515A29A21BE618E004FF9DA /* Release */ = {
			isa = XCBuildConfiguration;
			buildSettings = {
				ALWAYS_SEARCH_USER_PATHS = NO;
				CLANG_ANALYZER_NONNULL = YES;
				CLANG_ANALYZER_NUMBER_OBJECT_CONVERSION = YES_AGGRESSIVE;
				CLANG_CXX_LANGUAGE_STANDARD = "gnu++14";
				CLANG_CXX_LIBRARY = "libc++";
				CLANG_ENABLE_MODULES = YES;
				CLANG_ENABLE_OBJC_ARC = YES;
				CLANG_ENABLE_OBJC_WEAK = YES;
				CLANG_WARN_BLOCK_CAPTURE_AUTORELEASING = YES;
				CLANG_WARN_BOOL_CONVERSION = YES;
				CLANG_WARN_COMMA = YES;
				CLANG_WARN_CONSTANT_CONVERSION = YES;
				CLANG_WARN_DEPRECATED_OBJC_IMPLEMENTATIONS = YES;
				CLANG_WARN_DIRECT_OBJC_ISA_USAGE = YES_ERROR;
				CLANG_WARN_DOCUMENTATION_COMMENTS = YES;
				CLANG_WARN_EMPTY_BODY = YES;
				CLANG_WARN_ENUM_CONVERSION = YES;
				CLANG_WARN_INFINITE_RECURSION = YES;
				CLANG_WARN_INT_CONVERSION = YES;
				CLANG_WARN_NON_LITERAL_NULL_CONVERSION = YES;
				CLANG_WARN_OBJC_IMPLICIT_RETAIN_SELF = YES;
				CLANG_WARN_OBJC_LITERAL_CONVERSION = YES;
				CLANG_WARN_OBJC_ROOT_CLASS = YES_ERROR;
				CLANG_WARN_RANGE_LOOP_ANALYSIS = YES;
				CLANG_WARN_STRICT_PROTOTYPES = YES;
				CLANG_WARN_SUSPICIOUS_MOVE = YES;
				CLANG_WARN_UNGUARDED_AVAILABILITY = YES_AGGRESSIVE;
				CLANG_WARN_UNREACHABLE_CODE = YES;
				CLANG_WARN__DUPLICATE_METHOD_MATCH = YES;
				CODE_SIGN_IDENTITY = "iPhone Developer";
				COPY_PHASE_STRIP = NO;
				DEBUG_INFORMATION_FORMAT = "dwarf-with-dsym";
				ENABLE_NS_ASSERTIONS = NO;
				ENABLE_STRICT_OBJC_MSGSEND = YES;
				GCC_C_LANGUAGE_STANDARD = gnu11;
				GCC_NO_COMMON_BLOCKS = YES;
				GCC_WARN_64_TO_32_BIT_CONVERSION = YES;
				GCC_WARN_ABOUT_RETURN_TYPE = YES_ERROR;
				GCC_WARN_UNDECLARED_SELECTOR = YES;
				GCC_WARN_UNINITIALIZED_AUTOS = YES_AGGRESSIVE;
				GCC_WARN_UNUSED_FUNCTION = YES;
				GCC_WARN_UNUSED_VARIABLE = YES;
				IPHONEOS_DEPLOYMENT_TARGET = 12.1;
				MTL_ENABLE_DEBUG_INFO = NO;
				MTL_FAST_MATH = YES;
				SDKROOT = iphoneos;
				VALIDATE_PRODUCT = YES;
			};
			name = Release;
		};
		A515A29C21BE618E004FF9DA /* Debug */ = {
			isa = XCBuildConfiguration;
			buildSettings = {
				ASSETCATALOG_COMPILER_APPICON_NAME = AppIcon;
				CODE_SIGN_STYLE = Automatic;
				DEVELOPMENT_TEAM = A8ZLM82DR8;
				INFOPLIST_FILE = testGit/Info.plist;
				LD_RUNPATH_SEARCH_PATHS = (
					"$(inherited)",
					"@executable_path/Frameworks",
				);
				PRODUCT_BUNDLE_IDENTIFIER = com.zirui.testGit;
				PRODUCT_NAME = "$(TARGET_NAME)";
				TARGETED_DEVICE_FAMILY = "1,2";
			};
			name = Debug;
		};
		A515A29D21BE618E004FF9DA /* Release */ = {
			isa = XCBuildConfiguration;
			buildSettings = {
				ASSETCATALOG_COMPILER_APPICON_NAME = AppIcon;
				CODE_SIGN_STYLE = Automatic;
				DEVELOPMENT_TEAM = A8ZLM82DR8;
				INFOPLIST_FILE = testGit/Info.plist;
				LD_RUNPATH_SEARCH_PATHS = (
					"$(inherited)",
					"@executable_path/Frameworks",
				);
				PRODUCT_BUNDLE_IDENTIFIER = com.zirui.testGit;
				PRODUCT_NAME = "$(TARGET_NAME)";
				TARGETED_DEVICE_FAMILY = "1,2";
			};
			name = Release;
		};
		A515A29F21BE618E004FF9DA /* Debug */ = {
			isa = XCBuildConfiguration;
			buildSettings = {
				BUNDLE_LOADER = "$(TEST_HOST)";
				CODE_SIGN_STYLE = Automatic;
				DEVELOPMENT_TEAM = A8ZLM82DR8;
				INFOPLIST_FILE = testGitTests/Info.plist;
				LD_RUNPATH_SEARCH_PATHS = (
					"$(inherited)",
					"@executable_path/Frameworks",
					"@loader_path/Frameworks",
				);
				PRODUCT_BUNDLE_IDENTIFIER = com.zirui.testGitTests;
				PRODUCT_NAME = "$(TARGET_NAME)";
				TARGETED_DEVICE_FAMILY = "1,2";
				TEST_HOST = "$(BUILT_PRODUCTS_DIR)/testGit.app/testGit";
			};
			name = Debug;
		};
		A515A2A021BE618E004FF9DA /* Release */ = {
			isa = XCBuildConfiguration;
			buildSettings = {
				BUNDLE_LOADER = "$(TEST_HOST)";
				CODE_SIGN_STYLE = Automatic;
				DEVELOPMENT_TEAM = A8ZLM82DR8;
				INFOPLIST_FILE = testGitTests/Info.plist;
				LD_RUNPATH_SEARCH_PATHS = (
					"$(inherited)",
					"@executable_path/Frameworks",
					"@loader_path/Frameworks",
				);
				PRODUCT_BUNDLE_IDENTIFIER = com.zirui.testGitTests;
				PRODUCT_NAME = "$(TARGET_NAME)";
				TARGETED_DEVICE_FAMILY = "1,2";
				TEST_HOST = "$(BUILT_PRODUCTS_DIR)/testGit.app/testGit";
			};
			name = Release;
		};
		A515A2A221BE618E004FF9DA /* Debug */ = {
			isa = XCBuildConfiguration;
			buildSettings = {
				CODE_SIGN_STYLE = Automatic;
				DEVELOPMENT_TEAM = A8ZLM82DR8;
				INFOPLIST_FILE = testGitUITests/Info.plist;
				LD_RUNPATH_SEARCH_PATHS = (
					"$(inherited)",
					"@executable_path/Frameworks",
					"@loader_path/Frameworks",
				);
				PRODUCT_BUNDLE_IDENTIFIER = com.zirui.testGitUITests;
				PRODUCT_NAME = "$(TARGET_NAME)";
				TARGETED_DEVICE_FAMILY = "1,2";
				TEST_TARGET_NAME = testGit;
			};
			name = Debug;
		};
		A515A2A321BE618E004FF9DA /* Release */ = {
			isa = XCBuildConfiguration;
			buildSettings = {
				CODE_SIGN_STYLE = Automatic;
				DEVELOPMENT_TEAM = A8ZLM82DR8;
				INFOPLIST_FILE = testGitUITests/Info.plist;
				LD_RUNPATH_SEARCH_PATHS = (
					"$(inherited)",
					"@executable_path/Frameworks",
					"@loader_path/Frameworks",
				);
				PRODUCT_BUNDLE_IDENTIFIER = com.zirui.testGitUITests;
				PRODUCT_NAME = "$(TARGET_NAME)";
				TARGETED_DEVICE_FAMILY = "1,2";
				TEST_TARGET_NAME = testGit;
			};
			name = Release;
		};
/* End XCBuildConfiguration section */

/* Begin XCConfigurationList section */
		A515A26A21BE618C004FF9DA /* Build configuration list for PBXProject "testGit" */ = {
			isa = XCConfigurationList;
			buildConfigurations = (
				A515A29921BE618E004FF9DA /* Debug */,
				A515A29A21BE618E004FF9DA /* Release */,
			);
			defaultConfigurationIsVisible = 0;
			defaultConfigurationName = Release;
		};
		A515A29B21BE618E004FF9DA /* Build configuration list for PBXNativeTarget "testGit" */ = {
			isa = XCConfigurationList;
			buildConfigurations = (
				A515A29C21BE618E004FF9DA /* Debug */,
				A515A29D21BE618E004FF9DA /* Release */,
			);
			defaultConfigurationIsVisible = 0;
			defaultConfigurationName = Release;
		};
		A515A29E21BE618E004FF9DA /* Build configuration list for PBXNativeTarget "testGitTests" */ = {
			isa = XCConfigurationList;
			buildConfigurations = (
				A515A29F21BE618E004FF9DA /* Debug */,
				A515A2A021BE618E004FF9DA /* Release */,
			);
			defaultConfigurationIsVisible = 0;
			defaultConfigurationName = Release;
		};
		A515A2A121BE618E004FF9DA /* Build configuration list for PBXNativeTarget "testGitUITests" */ = {
			isa = XCConfigurationList;
			buildConfigurations = (
				A515A2A221BE618E004FF9DA /* Debug */,
				A515A2A321BE618E004FF9DA /* Release */,
			);
			defaultConfigurationIsVisible = 0;
			defaultConfigurationName = Release;
		};
/* End XCConfigurationList section */
	};
	rootObject = A515A26721BE618C004FF9DA /* Project object */;
}
